
Microsoft Visual Studio Solution File, Format Version 12.00
# Visual Studio 15
VisualStudioVersion = 15.0.28307.106
MinimumVisualStudioVersion = 10.0.40219.1
Project("{8BC9CEB8-8B4A-11D0-8D11-00A0C91BC942}") = "VariablesAndOperators", "VariablesAndOperators\VariablesAndOperators.vcxproj", "{B311BE15-A327-4A6B-BC63-658F9A5634D1}"
EndProject
Global
	GlobalSection(SolutionConfigurationPlatforms) = preSolution
		Debug|x64 = Debug|x64
		Debug|x86 = Debug|x86
		Release|x64 = Release|x64
		Release|x86 = Release|x86
	EndGlobalSection
	GlobalSection(ProjectConfigurationPlatforms) = postSolution
		{B311BE15-A327-4A6B-BC63-658F9A5634D1}.Debug|x64.ActiveCfg = Debug|x64
		{B311BE15-A327-4A6B-BC63-658F9A5634D1}.Debug|x64.Build.0 = Debug|x64
		{B311BE15-A327-4A6B-BC63-658F9A5634D1}.Debug|x86.ActiveCfg = Debug|Win32
		{B311BE15-A327-4A6B-BC63-658F9A5634D1}.Debug|x86.Build.0 = Debug|Win32
		{B311BE15-A327-4A6B-BC63-658F9A5634D1}.Release|x64.ActiveCfg = Release|x64
		{B311BE15-A327-4A6B-BC63-658F9A5634D1}.Release|x64.Build.0 = Release|x64
		{B311BE15-A327-4A6B-BC63-658F9A5634D1}.Release|x86.ActiveCfg = Release|Win32
		{B311BE15-A327-4A6B-BC63-658F9A5634D1}.Release|x86.Build.0 = Release|Win32
	EndGlobalSection
	GlobalSection(SolutionProperties) = preSolution
		HideSolutionNode = FALSE
	EndGlobalSection
	GlobalSection(ExtensibilityGlobals) = postSolution
		SolutionGuid = {65E7CB0E-02E4-4700-ABC9-F05A673C5B94}
	EndGlobalSection
EndGlobal
